
Microsoft Visual Studio Solution File, Format Version 12.00
# Visual Studio Version 16
VisualStudioVersion = 16.0.30611.23
MinimumVisualStudioVersion = 10.0.40219.1
Project("{FAE04EC0-301F-11D3-BF4B-00C04F79EFBC}") = "OOTP_Lab6", "OOTP_Lab6\OOTP_Lab6.csproj", "{603DD254-59CD-4476-9173-0A3242B02253}"
EndProject
Global
	GlobalSection(SolutionConfigurationPlatforms) = preSolution
		Debug|Any CPU = Debug|Any CPU
		Release|Any CPU = Release|Any CPU
	EndGlobalSection
	GlobalSection(ProjectConfigurationPlatforms) = postSolution
		{603DD254-59CD-4476-9173-0A3242B02253}.Debug|Any CPU.ActiveCfg = Debug|Any CPU
		{603DD254-59CD-4476-9173-0A3242B02253}.Debug|Any CPU.Build.0 = Debug|Any CPU
		{603DD254-59CD-4476-9173-0A3242B02253}.Release|Any CPU.ActiveCfg = Release|Any CPU
		{603DD254-59CD-4476-9173-0A3242B02253}.Release|Any CPU.Build.0 = Release|Any CPU
	EndGlobalSection
	GlobalSection(SolutionProperties) = preSolution
		HideSolutionNode = FALSE
	EndGlobalSection
	GlobalSection(ExtensibilityGlobals) = postSolution
		SolutionGuid = {6888DD7D-6142-4F01-B11C-DE18334D33D6}
	EndGlobalSection
EndGlobal
