
Microsoft Visual Studio Solution File, Format Version 12.00
Project("{FAE04EC0-301F-11D3-BF4B-00C04F79EFBC}") = "OOTP_Lab10", "OOTP_Lab10\OOTP_Lab10.csproj", "{691510E5-70DA-433A-B32E-518DEDC35950}"
EndProject
Global
	GlobalSection(SolutionConfigurationPlatforms) = preSolution
		Debug|Any CPU = Debug|Any CPU
		Release|Any CPU = Release|Any CPU
	EndGlobalSection
	GlobalSection(ProjectConfigurationPlatforms) = postSolution
		{691510E5-70DA-433A-B32E-518DEDC35950}.Debug|Any CPU.ActiveCfg = Debug|Any CPU
		{691510E5-70DA-433A-B32E-518DEDC35950}.Debug|Any CPU.Build.0 = Debug|Any CPU
		{691510E5-70DA-433A-B32E-518DEDC35950}.Release|Any CPU.ActiveCfg = Release|Any CPU
		{691510E5-70DA-433A-B32E-518DEDC35950}.Release|Any CPU.Build.0 = Release|Any CPU
	EndGlobalSection
EndGlobal
