
Microsoft Visual Studio Solution File, Format Version 12.00
Project("{FAE04EC0-301F-11D3-BF4B-00C04F79EFBC}") = "MyDLL", "MyDLL\MyDLL.csproj", "{FA16C21E-0A56-469D-A58F-BD0F9C00E403}"
EndProject
Global
	GlobalSection(SolutionConfigurationPlatforms) = preSolution
		Debug|Any CPU = Debug|Any CPU
		Release|Any CPU = Release|Any CPU
	EndGlobalSection
	GlobalSection(ProjectConfigurationPlatforms) = postSolution
		{FA16C21E-0A56-469D-A58F-BD0F9C00E403}.Debug|Any CPU.ActiveCfg = Debug|Any CPU
		{FA16C21E-0A56-469D-A58F-BD0F9C00E403}.Debug|Any CPU.Build.0 = Debug|Any CPU
		{FA16C21E-0A56-469D-A58F-BD0F9C00E403}.Release|Any CPU.ActiveCfg = Release|Any CPU
		{FA16C21E-0A56-469D-A58F-BD0F9C00E403}.Release|Any CPU.Build.0 = Release|Any CPU
	EndGlobalSection
EndGlobal
