
Microsoft Visual Studio Solution File, Format Version 12.00
Project("{FAE04EC0-301F-11D3-BF4B-00C04F79EFBC}") = "ConsoleApplication2", "ConsoleApplication2\ConsoleApplication2.csproj", "{A24D28A4-C5F5-4AAE-8C1E-CCC61D5E3E49}"
EndProject
Global
	GlobalSection(SolutionConfigurationPlatforms) = preSolution
		Debug|Any CPU = Debug|Any CPU
		Release|Any CPU = Release|Any CPU
	EndGlobalSection
	GlobalSection(ProjectConfigurationPlatforms) = postSolution
		{A24D28A4-C5F5-4AAE-8C1E-CCC61D5E3E49}.Debug|Any CPU.ActiveCfg = Debug|Any CPU
		{A24D28A4-C5F5-4AAE-8C1E-CCC61D5E3E49}.Debug|Any CPU.Build.0 = Debug|Any CPU
		{A24D28A4-C5F5-4AAE-8C1E-CCC61D5E3E49}.Release|Any CPU.ActiveCfg = Release|Any CPU
		{A24D28A4-C5F5-4AAE-8C1E-CCC61D5E3E49}.Release|Any CPU.Build.0 = Release|Any CPU
	EndGlobalSection
EndGlobal
